{
  "pins" : [
    {
      "identity" : "purchases-ios-spm",
      "kind" : "remoteSourceControl",
      "location" : "https://github.com/RevenueCat/purchases-ios-spm.git",
      "state" : {
        "revision" : "828a464d12ff8fe4f633ef1b0116e76fd2a1e462",
        "version" : "5.59.2"
      }
    },
    {
      "identity" : "swift-argument-parser",
      "kind" : "remoteSourceControl",
      "location" : "https://github.com/apple/swift-argument-parser",
      "state" : {
        "revision" : "626b5b7b2f45e1b0b1c6f4a309296d1d21d7311b",
        "version" : "1.7.1"
      }
    },
    {
      "identity" : "swiftterm",
      "kind" : "remoteSourceControl",
      "location" : "https://github.com/playstonex/SwiftTerm.git",
      "state" : {
        "branch" : "main",
        "revision" : "7e5620670a6e116d20184564e5d8ba74fa589531"
      }
    }
  ],
  "version" : 2
}
